// !$*UTF8*$!
{
	archiveVersion = 1;
	classes = {
	};
	objectVersion = 50;
	objects = {

/* Begin PBXBuildFile section */
		A91FF33F2488E22300F33123 /* UIHelper.swift in Sources */ = {isa = PBXBuildFile; fileRef = A91FF33E2488E22300F33123 /* UIHelper.swift */; };
		A952D4FF2480399B005BA20F /* FollowersListVC.swift in Sources */ = {isa = PBXBuildFile; fileRef = A952D4FE2480399B005BA20F /* FollowersListVC.swift */; };
		A95AB35824840E1A0008A301 /* GFTitleLabel.swift in Sources */ = {isa = PBXBuildFile; fileRef = A95AB35724840E1A0008A301 /* GFTitleLabel.swift */; };
		A95AB35A248413230008A301 /* GFBodyLabel.swift in Sources */ = {isa = PBXBuildFile; fileRef = A95AB359248413230008A301 /* GFBodyLabel.swift */; };
		A95AB35C248415FD0008A301 /* GFAlertVC.swift in Sources */ = {isa = PBXBuildFile; fileRef = A95AB35B248415FD0008A301 /* GFAlertVC.swift */; };
		A9614AC8247D6DFD0076A5B6 /* GFButton.swift in Sources */ = {isa = PBXBuildFile; fileRef = A9614AC7247D6DFD0076A5B6 /* GFButton.swift */; };
		A9614ACA247D840F0076A5B6 /* GFTextField.swift in Sources */ = {isa = PBXBuildFile; fileRef = A9614AC9247D840F0076A5B6 /* GFTextField.swift */; };
		A96A1DD1247C3AAD00B84212 /* SearchVC.swift in Sources */ = {isa = PBXBuildFile; fileRef = A96A1DD0247C3AAD00B84212 /* SearchVC.swift */; };
		A96A1DD5247C3B0C00B84212 /* FavoritesListVC.swift in Sources */ = {isa = PBXBuildFile; fileRef = A96A1DD4247C3B0C00B84212 /* FavoritesListVC.swift */; };
		A976A5ED249A740A00E369D5 /* UserInfoVC.swift in Sources */ = {isa = PBXBuildFile; fileRef = A976A5EC249A740A00E369D5 /* UserInfoVC.swift */; };
		A97ACE8424863B7A00797935 /* NetworkManager.swift in Sources */ = {isa = PBXBuildFile; fileRef = A97ACE8324863B7A00797935 /* NetworkManager.swift */; };
		A97ACE8724867A9A00797935 /* GFError.swift in Sources */ = {isa = PBXBuildFile; fileRef = A97ACE8624867A9A00797935 /* GFError.swift */; };
		A987942B2485890B00C48AC8 /* UIViewController+Ext.swift in Sources */ = {isa = PBXBuildFile; fileRef = A987942A2485890B00C48AC8 /* UIViewController+Ext.swift */; };
		A987943324858FDF00C48AC8 /* Follower.swift in Sources */ = {isa = PBXBuildFile; fileRef = A987943224858FDF00C48AC8 /* Follower.swift */; };
		A98794352485905300C48AC8 /* User.swift in Sources */ = {isa = PBXBuildFile; fileRef = A98794342485905300C48AC8 /* User.swift */; };
		A9897D692486B68B00F63FA8 /* FollowerCell.swift in Sources */ = {isa = PBXBuildFile; fileRef = A9897D682486B68B00F63FA8 /* FollowerCell.swift */; };
		A9897D6B2486B7DE00F63FA8 /* GFAvatarImageView.swift in Sources */ = {isa = PBXBuildFile; fileRef = A9897D6A2486B7DE00F63FA8 /* GFAvatarImageView.swift */; };
		A9A24C4C247AD244006BCB06 /* AppDelegate.swift in Sources */ = {isa = PBXBuildFile; fileRef = A9A24C4B247AD244006BCB06 /* AppDelegate.swift */; };
		A9A24C4E247AD244006BCB06 /* SceneDelegate.swift in Sources */ = {isa = PBXBuildFile; fileRef = A9A24C4D247AD244006BCB06 /* SceneDelegate.swift */; };
		A9A24C55247AD246006BCB06 /* Assets.xcassets in Resources */ = {isa = PBXBuildFile; fileRef = A9A24C54247AD246006BCB06 /* Assets.xcassets */; };
		A9A24C58247AD246006BCB06 /* LaunchScreen.storyboard in Resources */ = {isa = PBXBuildFile; fileRef = A9A24C56247AD246006BCB06 /* LaunchScreen.storyboard */; };
		A9B312C1248BFE7D00F01665 /* GFEmptyStateView.swift in Sources */ = {isa = PBXBuildFile; fileRef = A9B312C0248BFE7D00F01665 /* GFEmptyStateView.swift */; };
/* End PBXBuildFile section */

/* Begin PBXFileReference section */
		A91FF33E2488E22300F33123 /* UIHelper.swift */ = {isa = PBXFileReference; lastKnownFileType = sourcecode.swift; path = UIHelper.swift; sourceTree = "<group>"; };
		A952D4FE2480399B005BA20F /* FollowersListVC.swift */ = {isa = PBXFileReference; lastKnownFileType = sourcecode.swift; path = FollowersListVC.swift; sourceTree = "<group>"; };
		A95AB35724840E1A0008A301 /* GFTitleLabel.swift */ = {isa = PBXFileReference; lastKnownFileType = sourcecode.swift; path = GFTitleLabel.swift; sourceTree = "<group>"; };
		A95AB359248413230008A301 /* GFBodyLabel.swift */ = {isa = PBXFileReference; lastKnownFileType = sourcecode.swift; path = GFBodyLabel.swift; sourceTree = "<group>"; };
		A95AB35B248415FD0008A301 /* GFAlertVC.swift */ = {isa = PBXFileReference; lastKnownFileType = sourcecode.swift; path = GFAlertVC.swift; sourceTree = "<group>"; };
		A9614AC7247D6DFD0076A5B6 /* GFButton.swift */ = {isa = PBXFileReference; lastKnownFileType = sourcecode.swift; path = GFButton.swift; sourceTree = "<group>"; };
		A9614AC9247D840F0076A5B6 /* GFTextField.swift */ = {isa = PBXFileReference; lastKnownFileType = sourcecode.swift; path = GFTextField.swift; sourceTree = "<group>"; };
		A96A1DD0247C3AAD00B84212 /* SearchVC.swift */ = {isa = PBXFileReference; lastKnownFileType = sourcecode.swift; path = SearchVC.swift; sourceTree = "<group>"; };
		A96A1DD4247C3B0C00B84212 /* FavoritesListVC.swift */ = {isa = PBXFileReference; lastKnownFileType = sourcecode.swift; path = FavoritesListVC.swift; sourceTree = "<group>"; };
		A976A5EC249A740A00E369D5 /* UserInfoVC.swift */ = {isa = PBXFileReference; lastKnownFileType = sourcecode.swift; path = UserInfoVC.swift; sourceTree = "<group>"; };
		A97ACE8324863B7A00797935 /* NetworkManager.swift */ = {isa = PBXFileReference; lastKnownFileType = sourcecode.swift; path = NetworkManager.swift; sourceTree = "<group>"; };
		A97ACE8624867A9A00797935 /* GFError.swift */ = {isa = PBXFileReference; lastKnownFileType = sourcecode.swift; path = GFError.swift; sourceTree = "<group>"; };
		A987942A2485890B00C48AC8 /* UIViewController+Ext.swift */ = {isa = PBXFileReference; lastKnownFileType = sourcecode.swift; path = "UIViewController+Ext.swift"; sourceTree = "<group>"; };
		A987943224858FDF00C48AC8 /* Follower.swift */ = {isa = PBXFileReference; lastKnownFileType = sourcecode.swift; path = Follower.swift; sourceTree = "<group>"; };
		A98794342485905300C48AC8 /* User.swift */ = {isa = PBXFileReference; lastKnownFileType = sourcecode.swift; path = User.swift; sourceTree = "<group>"; };
		A9897D682486B68B00F63FA8 /* FollowerCell.swift */ = {isa = PBXFileReference; lastKnownFileType = sourcecode.swift; path = FollowerCell.swift; sourceTree = "<group>"; };
		A9897D6A2486B7DE00F63FA8 /* GFAvatarImageView.swift */ = {isa = PBXFileReference; lastKnownFileType = sourcecode.swift; path = GFAvatarImageView.swift; sourceTree = "<group>"; };
		A9A24C48247AD244006BCB06 /* GHFollowers.app */ = {isa = PBXFileReference; explicitFileType = wrapper.application; includeInIndex = 0; path = GHFollowers.app; sourceTree = BUILT_PRODUCTS_DIR; };
		A9A24C4B247AD244006BCB06 /* AppDelegate.swift */ = {isa = PBXFileReference; lastKnownFileType = sourcecode.swift; path = AppDelegate.swift; sourceTree = "<group>"; };
		A9A24C4D247AD244006BCB06 /* SceneDelegate.swift */ = {isa = PBXFileReference; lastKnownFileType = sourcecode.swift; path = SceneDelegate.swift; sourceTree = "<group>"; };
		A9A24C54247AD246006BCB06 /* Assets.xcassets */ = {isa = PBXFileReference; lastKnownFileType = folder.assetcatalog; path = Assets.xcassets; sourceTree = "<group>"; };
		A9A24C57247AD246006BCB06 /* Base */ = {isa = PBXFileReference; lastKnownFileType = file.storyboard; name = Base; path = Base.lproj/LaunchScreen.storyboard; sourceTree = "<group>"; };
		A9A24C59247AD246006BCB06 /* Info.plist */ = {isa = PBXFileReference; lastKnownFileType = text.plist.xml; path = Info.plist; sourceTree = "<group>"; };
		A9B312C0248BFE7D00F01665 /* GFEmptyStateView.swift */ = {isa = PBXFileReference; lastKnownFileType = sourcecode.swift; path = GFEmptyStateView.swift; sourceTree = "<group>"; };
/* End PBXFileReference section */

/* Begin PBXFrameworksBuildPhase section */
		A9A24C45247AD244006BCB06 /* Frameworks */ = {
			isa = PBXFrameworksBuildPhase;
			buildActionMask = 2147483647;
			files = (
			);
			runOnlyForDeploymentPostprocessing = 0;
		};
/* End PBXFrameworksBuildPhase section */

/* Begin PBXGroup section */
		A97ACE8224863B6000797935 /* Managers */ = {
			isa = PBXGroup;
			children = (
				A97ACE8324863B7A00797935 /* NetworkManager.swift */,
			);
			path = Managers;
			sourceTree = "<group>";
		};
		A97ACE8524867A8600797935 /* Utilities */ = {
			isa = PBXGroup;
			children = (
				A97ACE8624867A9A00797935 /* GFError.swift */,
				A91FF33E2488E22300F33123 /* UIHelper.swift */,
			);
			path = Utilities;
			sourceTree = "<group>";
		};
		A987942C2485894500C48AC8 /* Screens */ = {
			isa = PBXGroup;
			children = (
				A96A1DD0247C3AAD00B84212 /* SearchVC.swift */,
				A976A5EC249A740A00E369D5 /* UserInfoVC.swift */,
				A952D4FE2480399B005BA20F /* FollowersListVC.swift */,
				A96A1DD4247C3B0C00B84212 /* FavoritesListVC.swift */,
			);
			path = Screens;
			sourceTree = "<group>";
		};
		A987942D2485895200C48AC8 /* Custom views */ = {
			isa = PBXGroup;
			children = (
				A9B312BF248BFE1200F01665 /* View */,
				A9B312BB248BFD9000F01665 /* ViewControllers */,
				A9B312BC248BFD9D00F01665 /* TextFields */,
				A98794302485897100C48AC8 /* Labels */,
				A9B312BE248BFDC000F01665 /* Buttons */,
				A9B312BD248BFDB200F01665 /* ImageViews */,
				A9897D672486B64B00F63FA8 /* Cells */,
			);
			path = "Custom views";
			sourceTree = "<group>";
		};
		A987942E2485895C00C48AC8 /* Support */ = {
			isa = PBXGroup;
			children = (
				A9A24C4B247AD244006BCB06 /* AppDelegate.swift */,
				A9A24C4D247AD244006BCB06 /* SceneDelegate.swift */,
				A9A24C56247AD246006BCB06 /* LaunchScreen.storyboard */,
				A9A24C54247AD246006BCB06 /* Assets.xcassets */,
				A9A24C59247AD246006BCB06 /* Info.plist */,
			);
			path = Support;
			sourceTree = "<group>";
		};
		A987942F2485896600C48AC8 /* Extensions */ = {
			isa = PBXGroup;
			children = (
				A987942A2485890B00C48AC8 /* UIViewController+Ext.swift */,
			);
			path = Extensions;
			sourceTree = "<group>";
		};
		A98794302485897100C48AC8 /* Labels */ = {
			isa = PBXGroup;
			children = (
				A95AB35724840E1A0008A301 /* GFTitleLabel.swift */,
				A95AB359248413230008A301 /* GFBodyLabel.swift */,
			);
			path = Labels;
			sourceTree = "<group>";
		};
		A987943124858FA700C48AC8 /* Model */ = {
			isa = PBXGroup;
			children = (
				A987943224858FDF00C48AC8 /* Follower.swift */,
				A98794342485905300C48AC8 /* User.swift */,
			);
			path = Model;
			sourceTree = "<group>";
		};
		A9897D672486B64B00F63FA8 /* Cells */ = {
			isa = PBXGroup;
			children = (
				A9897D682486B68B00F63FA8 /* FollowerCell.swift */,
			);
			path = Cells;
			sourceTree = "<group>";
		};
		A9A24C3F247AD244006BCB06 = {
			isa = PBXGroup;
			children = (
				A9A24C4A247AD244006BCB06 /* GHFollowers */,
				A9A24C49247AD244006BCB06 /* Products */,
			);
			sourceTree = "<group>";
		};
		A9A24C49247AD244006BCB06 /* Products */ = {
			isa = PBXGroup;
			children = (
				A9A24C48247AD244006BCB06 /* GHFollowers.app */,
			);
			name = Products;
			sourceTree = "<group>";
		};
		A9A24C4A247AD244006BCB06 /* GHFollowers */ = {
			isa = PBXGroup;
			children = (
				A97ACE8524867A8600797935 /* Utilities */,
				A987943124858FA700C48AC8 /* Model */,
				A987942C2485894500C48AC8 /* Screens */,
				A97ACE8224863B6000797935 /* Managers */,
				A987942D2485895200C48AC8 /* Custom views */,
				A987942F2485896600C48AC8 /* Extensions */,
				A987942E2485895C00C48AC8 /* Support */,
			);
			path = GHFollowers;
			sourceTree = "<group>";
		};
		A9B312BB248BFD9000F01665 /* ViewControllers */ = {
			isa = PBXGroup;
			children = (
				A95AB35B248415FD0008A301 /* GFAlertVC.swift */,
			);
			path = ViewControllers;
			sourceTree = "<group>";
		};
		A9B312BC248BFD9D00F01665 /* TextFields */ = {
			isa = PBXGroup;
			children = (
				A9614AC9247D840F0076A5B6 /* GFTextField.swift */,
			);
			path = TextFields;
			sourceTree = "<group>";
		};
		A9B312BD248BFDB200F01665 /* ImageViews */ = {
			isa = PBXGroup;
			children = (
				A9897D6A2486B7DE00F63FA8 /* GFAvatarImageView.swift */,
			);
			path = ImageViews;
			sourceTree = "<group>";
		};
		A9B312BE248BFDC000F01665 /* Buttons */ = {
			isa = PBXGroup;
			children = (
				A9614AC7247D6DFD0076A5B6 /* GFButton.swift */,
			);
			name = Buttons;
			sourceTree = "<group>";
		};
		A9B312BF248BFE1200F01665 /* View */ = {
			isa = PBXGroup;
			children = (
				A9B312C0248BFE7D00F01665 /* GFEmptyStateView.swift */,
			);
			path = View;
			sourceTree = "<group>";
		};
/* End PBXGroup section */

/* Begin PBXNativeTarget section */
		A9A24C47247AD244006BCB06 /* GHFollowers */ = {
			isa = PBXNativeTarget;
			buildConfigurationList = A9A24C5C247AD246006BCB06 /* Build configuration list for PBXNativeTarget "GHFollowers" */;
			buildPhases = (
				A9A24C44247AD244006BCB06 /* Sources */,
				A9A24C45247AD244006BCB06 /* Frameworks */,
				A9A24C46247AD244006BCB06 /* Resources */,
			);
			buildRules = (
			);
			dependencies = (
			);
			name = GHFollowers;
			productName = GHFollowers;
			productReference = A9A24C48247AD244006BCB06 /* GHFollowers.app */;
			productType = "com.apple.product-type.application";
		};
/* End PBXNativeTarget section */

/* Begin PBXProject section */
		A9A24C40247AD244006BCB06 /* Project object */ = {
			isa = PBXProject;
			attributes = {
				LastSwiftUpdateCheck = 1150;
				LastUpgradeCheck = 1150;
				ORGANIZATIONNAME = "Ермоленко Константин";
				TargetAttributes = {
					A9A24C47247AD244006BCB06 = {
						CreatedOnToolsVersion = 11.5;
					};
				};
			};
			buildConfigurationList = A9A24C43247AD244006BCB06 /* Build configuration list for PBXProject "GHFollowers" */;
			compatibilityVersion = "Xcode 9.3";
			developmentRegion = en;
			hasScannedForEncodings = 0;
			knownRegions = (
				en,
				Base,
			);
			mainGroup = A9A24C3F247AD244006BCB06;
			productRefGroup = A9A24C49247AD244006BCB06 /* Products */;
			projectDirPath = "";
			projectRoot = "";
			targets = (
				A9A24C47247AD244006BCB06 /* GHFollowers */,
			);
		};
/* End PBXProject section */

/* Begin PBXResourcesBuildPhase section */
		A9A24C46247AD244006BCB06 /* Resources */ = {
			isa = PBXResourcesBuildPhase;
			buildActionMask = 2147483647;
			files = (
				A9A24C58247AD246006BCB06 /* LaunchScreen.storyboard in Resources */,
				A9A24C55247AD246006BCB06 /* Assets.xcassets in Resources */,
			);
			runOnlyForDeploymentPostprocessing = 0;
		};
/* End PBXResourcesBuildPhase section */

/* Begin PBXSourcesBuildPhase section */
		A9A24C44247AD244006BCB06 /* Sources */ = {
			isa = PBXSourcesBuildPhase;
			buildActionMask = 2147483647;
			files = (
				A98794352485905300C48AC8 /* User.swift in Sources */,
				A9614ACA247D840F0076A5B6 /* GFTextField.swift in Sources */,
				A952D4FF2480399B005BA20F /* FollowersListVC.swift in Sources */,
				A96A1DD5247C3B0C00B84212 /* FavoritesListVC.swift in Sources */,
				A987942B2485890B00C48AC8 /* UIViewController+Ext.swift in Sources */,
				A91FF33F2488E22300F33123 /* UIHelper.swift in Sources */,
				A9897D6B2486B7DE00F63FA8 /* GFAvatarImageView.swift in Sources */,
				A9614AC8247D6DFD0076A5B6 /* GFButton.swift in Sources */,
				A95AB35C248415FD0008A301 /* GFAlertVC.swift in Sources */,
				A9897D692486B68B00F63FA8 /* FollowerCell.swift in Sources */,
				A97ACE8724867A9A00797935 /* GFError.swift in Sources */,
				A95AB35A248413230008A301 /* GFBodyLabel.swift in Sources */,
				A987943324858FDF00C48AC8 /* Follower.swift in Sources */,
				A95AB35824840E1A0008A301 /* GFTitleLabel.swift in Sources */,
				A9B312C1248BFE7D00F01665 /* GFEmptyStateView.swift in Sources */,
				A97ACE8424863B7A00797935 /* NetworkManager.swift in Sources */,
				A96A1DD1247C3AAD00B84212 /* SearchVC.swift in Sources */,
				A9A24C4C247AD244006BCB06 /* AppDelegate.swift in Sources */,
				A9A24C4E247AD244006BCB06 /* SceneDelegate.swift in Sources */,
				A976A5ED249A740A00E369D5 /* UserInfoVC.swift in Sources */,
			);
			runOnlyForDeploymentPostprocessing = 0;
		};
/* End PBXSourcesBuildPhase section */

/* Begin PBXVariantGroup section */
		A9A24C56247AD246006BCB06 /* LaunchScreen.storyboard */ = {
			isa = PBXVariantGroup;
			children = (
				A9A24C57247AD246006BCB06 /* Base */,
			);
			name = LaunchScreen.storyboard;
			sourceTree = "<group>";
		};
/* End PBXVariantGroup section */

/* Begin XCBuildConfiguration section */
		A9A24C5A247AD246006BCB06 /* Debug */ = {
			isa = XCBuildConfiguration;
			buildSettings = {
				ALWAYS_SEARCH_USER_PATHS = NO;
				CLANG_ANALYZER_NONNULL = YES;
				CLANG_ANALYZER_NUMBER_OBJECT_CONVERSION = YES_AGGRESSIVE;
				CLANG_CXX_LANGUAGE_STANDARD = "gnu++14";
				CLANG_CXX_LIBRARY = "libc++";
				CLANG_ENABLE_MODULES = YES;
				CLANG_ENABLE_OBJC_ARC = YES;
				CLANG_ENABLE_OBJC_WEAK = YES;
				CLANG_WARN_BLOCK_CAPTURE_AUTORELEASING = YES;
				CLANG_WARN_BOOL_CONVERSION = YES;
				CLANG_WARN_COMMA = YES;
				CLANG_WARN_CONSTANT_CONVERSION = YES;
				CLANG_WARN_DEPRECATED_OBJC_IMPLEMENTATIONS = YES;
				CLANG_WARN_DIRECT_OBJC_ISA_USAGE = YES_ERROR;
				CLANG_WARN_DOCUMENTATION_COMMENTS = YES;
				CLANG_WARN_EMPTY_BODY = YES;
				CLANG_WARN_ENUM_CONVERSION = YES;
				CLANG_WARN_INFINITE_RECURSION = YES;
				CLANG_WARN_INT_CONVERSION = YES;
				CLANG_WARN_NON_LITERAL_NULL_CONVERSION = YES;
				CLANG_WARN_OBJC_IMPLICIT_RETAIN_SELF = YES;
				CLANG_WARN_OBJC_LITERAL_CONVERSION = YES;
				CLANG_WARN_OBJC_ROOT_CLASS = YES_ERROR;
				CLANG_WARN_RANGE_LOOP_ANALYSIS = YES;
				CLANG_WARN_STRICT_PROTOTYPES = YES;
				CLANG_WARN_SUSPICIOUS_MOVE = YES;
				CLANG_WARN_UNGUARDED_AVAILABILITY = YES_AGGRESSIVE;
				CLANG_WARN_UNREACHABLE_CODE = YES;
				CLANG_WARN__DUPLICATE_METHOD_MATCH = YES;
				COPY_PHASE_STRIP = NO;
				DEBUG_INFORMATION_FORMAT = dwarf;
				ENABLE_STRICT_OBJC_MSGSEND = YES;
				ENABLE_TESTABILITY = YES;
				GCC_C_LANGUAGE_STANDARD = gnu11;
				GCC_DYNAMIC_NO_PIC = NO;
				GCC_NO_COMMON_BLOCKS = YES;
				GCC_OPTIMIZATION_LEVEL = 0;
				GCC_PREPROCESSOR_DEFINITIONS = (
					"DEBUG=1",
					"$(inherited)",
				);
				GCC_WARN_64_TO_32_BIT_CONVERSION = YES;
				GCC_WARN_ABOUT_RETURN_TYPE = YES_ERROR;
				GCC_WARN_UNDECLARED_SELECTOR = YES;
				GCC_WARN_UNINITIALIZED_AUTOS = YES_AGGRESSIVE;
				GCC_WARN_UNUSED_FUNCTION = YES;
				GCC_WARN_UNUSED_VARIABLE = YES;
				IPHONEOS_DEPLOYMENT_TARGET = 13.5;
				MTL_ENABLE_DEBUG_INFO = INCLUDE_SOURCE;
				MTL_FAST_MATH = YES;
				ONLY_ACTIVE_ARCH = YES;
				SDKROOT = iphoneos;
				SWIFT_ACTIVE_COMPILATION_CONDITIONS = DEBUG;
				SWIFT_OPTIMIZATION_LEVEL = "-Onone";
			};
			name = Debug;
		};
		A9A24C5B247AD246006BCB06 /* Release */ = {
			isa = XCBuildConfiguration;
			buildSettings = {
				ALWAYS_SEARCH_USER_PATHS = NO;
				CLANG_ANALYZER_NONNULL = YES;
				CLANG_ANALYZER_NUMBER_OBJECT_CONVERSION = YES_AGGRESSIVE;
				CLANG_CXX_LANGUAGE_STANDARD = "gnu++14";
				CLANG_CXX_LIBRARY = "libc++";
				CLANG_ENABLE_MODULES = YES;
				CLANG_ENABLE_OBJC_ARC = YES;
				CLANG_ENABLE_OBJC_WEAK = YES;
				CLANG_WARN_BLOCK_CAPTURE_AUTORELEASING = YES;
				CLANG_WARN_BOOL_CONVERSION = YES;
				CLANG_WARN_COMMA = YES;
				CLANG_WARN_CONSTANT_CONVERSION = YES;
				CLANG_WARN_DEPRECATED_OBJC_IMPLEMENTATIONS = YES;
				CLANG_WARN_DIRECT_OBJC_ISA_USAGE = YES_ERROR;
				CLANG_WARN_DOCUMENTATION_COMMENTS = YES;
				CLANG_WARN_EMPTY_BODY = YES;
				CLANG_WARN_ENUM_CONVERSION = YES;
				CLANG_WARN_INFINITE_RECURSION = YES;
				CLANG_WARN_INT_CONVERSION = YES;
				CLANG_WARN_NON_LITERAL_NULL_CONVERSION = YES;
				CLANG_WARN_OBJC_IMPLICIT_RETAIN_SELF = YES;
				CLANG_WARN_OBJC_LITERAL_CONVERSION = YES;
				CLANG_WARN_OBJC_ROOT_CLASS = YES_ERROR;
				CLANG_WARN_RANGE_LOOP_ANALYSIS = YES;
				CLANG_WARN_STRICT_PROTOTYPES = YES;
				CLANG_WARN_SUSPICIOUS_MOVE = YES;
				CLANG_WARN_UNGUARDED_AVAILABILITY = YES_AGGRESSIVE;
				CLANG_WARN_UNREACHABLE_CODE = YES;
				CLANG_WARN__DUPLICATE_METHOD_MATCH = YES;
				COPY_PHASE_STRIP = NO;
				DEBUG_INFORMATION_FORMAT = "dwarf-with-dsym";
				ENABLE_NS_ASSERTIONS = NO;
				ENABLE_STRICT_OBJC_MSGSEND = YES;
				GCC_C_LANGUAGE_STANDARD = gnu11;
				GCC_NO_COMMON_BLOCKS = YES;
				GCC_WARN_64_TO_32_BIT_CONVERSION = YES;
				GCC_WARN_ABOUT_RETURN_TYPE = YES_ERROR;
				GCC_WARN_UNDECLARED_SELECTOR = YES;
				GCC_WARN_UNINITIALIZED_AUTOS = YES_AGGRESSIVE;
				GCC_WARN_UNUSED_FUNCTION = YES;
				GCC_WARN_UNUSED_VARIABLE = YES;
				IPHONEOS_DEPLOYMENT_TARGET = 13.5;
				MTL_ENABLE_DEBUG_INFO = NO;
				MTL_FAST_MATH = YES;
				SDKROOT = iphoneos;
				SWIFT_COMPILATION_MODE = wholemodule;
				SWIFT_OPTIMIZATION_LEVEL = "-O";
				VALIDATE_PRODUCT = YES;
			};
			name = Release;
		};
		A9A24C5D247AD246006BCB06 /* Debug */ = {
			isa = XCBuildConfiguration;
			buildSettings = {
				ASSETCATALOG_COMPILER_APPICON_NAME = AppIcon;
				CODE_SIGN_STYLE = Automatic;
				DEVELOPMENT_TEAM = 59M6A9TM7B;
				INFOPLIST_FILE = GHFollowers/Support/Info.plist;
				IPHONEOS_DEPLOYMENT_TARGET = 13.5;
				LD_RUNPATH_SEARCH_PATHS = (
					"$(inherited)",
					"@executable_path/Frameworks",
				);
				PRODUCT_BUNDLE_IDENTIFIER = ru.ermolenko.GHFollowers;
				PRODUCT_NAME = "$(TARGET_NAME)";
				SWIFT_VERSION = 5.0;
				TARGETED_DEVICE_FAMILY = 1;
			};
			name = Debug;
		};
		A9A24C5E247AD246006BCB06 /* Release */ = {
			isa = XCBuildConfiguration;
			buildSettings = {
				ASSETCATALOG_COMPILER_APPICON_NAME = AppIcon;
				CODE_SIGN_STYLE = Automatic;
				DEVELOPMENT_TEAM = 59M6A9TM7B;
				INFOPLIST_FILE = GHFollowers/Support/Info.plist;
				IPHONEOS_DEPLOYMENT_TARGET = 13.5;
				LD_RUNPATH_SEARCH_PATHS = (
					"$(inherited)",
					"@executable_path/Frameworks",
				);
				PRODUCT_BUNDLE_IDENTIFIER = ru.ermolenko.GHFollowers;
				PRODUCT_NAME = "$(TARGET_NAME)";
				SWIFT_VERSION = 5.0;
				TARGETED_DEVICE_FAMILY = 1;
			};
			name = Release;
		};
/* End XCBuildConfiguration section */

/* Begin XCConfigurationList section */
		A9A24C43247AD244006BCB06 /* Build configuration list for PBXProject "GHFollowers" */ = {
			isa = XCConfigurationList;
			buildConfigurations = (
				A9A24C5A247AD246006BCB06 /* Debug */,
				A9A24C5B247AD246006BCB06 /* Release */,
			);
			defaultConfigurationIsVisible = 0;
			defaultConfigurationName = Release;
		};
		A9A24C5C247AD246006BCB06 /* Build configuration list for PBXNativeTarget "GHFollowers" */ = {
			isa = XCConfigurationList;
			buildConfigurations = (
				A9A24C5D247AD246006BCB06 /* Debug */,
				A9A24C5E247AD246006BCB06 /* Release */,
			);
			defaultConfigurationIsVisible = 0;
			defaultConfigurationName = Release;
		};
/* End XCConfigurationList section */
	};
	rootObject = A9A24C40247AD244006BCB06 /* Project object */;
}
